
Microsoft Visual Studio Solution File, Format Version 12.00
# Visual Studio Version 17
VisualStudioVersion = 17.0.31903.59
MinimumVisualStudioVersion = 10.0.40219.1
Project("{2150E333-8FDC-42A3-9474-1A3956D46DE8}") = "src", "src", "{EB96E77D-3C08-446B-96F3-6D0DC1630C20}"
EndProject
Project("{9A19103F-16F7-4668-BE54-9A1E7A4F7556}") = "BookConnect.API", "src\BookConnect.API\BookConnect.API.csproj", "{91629388-2AC4-406C-8891-29138AF3570D}"
EndProject
Project("{9A19103F-16F7-4668-BE54-9A1E7A4F7556}") = "BookConnect.Application", "src\BookConnect.Application\BookConnect.Application.csproj", "{3D8D507E-1107-41BB-AFC6-C13E1BEE8C7B}"
EndProject
Project("{9A19103F-16F7-4668-BE54-9A1E7A4F7556}") = "BookConnect.Infrastructure", "src\BookConnect.Infrastructure\BookConnect.Infrastructure.csproj", "{A1299C60-3E57-46D8-8699-08029EB6E08A}"
EndProject
Project("{9A19103F-16F7-4668-BE54-9A1E7A4F7556}") = "BookConnect.Domain", "src\BookConnect.Domain\BookConnect.Domain.csproj", "{2E7DDDF2-51C8-4B4A-BF64-18A602EC132E}"
EndProject
Project("{E53339B2-1760-4266-BCC7-CA923CBCF16C}") = "docker-compose", "docker-compose.dcproj", "{57667F3D-27FD-4F51-BF1A-C2CB6F7E71CD}"
EndProject
Global
	GlobalSection(SolutionConfigurationPlatforms) = preSolution
		Debug|Any CPU = Debug|Any CPU
		Release|Any CPU = Release|Any CPU
	EndGlobalSection
	GlobalSection(ProjectConfigurationPlatforms) = postSolution
		{91629388-2AC4-406C-8891-29138AF3570D}.Debug|Any CPU.ActiveCfg = Debug|Any CPU
		{91629388-2AC4-406C-8891-29138AF3570D}.Debug|Any CPU.Build.0 = Debug|Any CPU
		{91629388-2AC4-406C-8891-29138AF3570D}.Release|Any CPU.ActiveCfg = Release|Any CPU
		{91629388-2AC4-406C-8891-29138AF3570D}.Release|Any CPU.Build.0 = Release|Any CPU
		{3D8D507E-1107-41BB-AFC6-C13E1BEE8C7B}.Debug|Any CPU.ActiveCfg = Debug|Any CPU
		{3D8D507E-1107-41BB-AFC6-C13E1BEE8C7B}.Debug|Any CPU.Build.0 = Debug|Any CPU
		{3D8D507E-1107-41BB-AFC6-C13E1BEE8C7B}.Release|Any CPU.ActiveCfg = Release|Any CPU
		{3D8D507E-1107-41BB-AFC6-C13E1BEE8C7B}.Release|Any CPU.Build.0 = Release|Any CPU
		{A1299C60-3E57-46D8-8699-08029EB6E08A}.Debug|Any CPU.ActiveCfg = Debug|Any CPU
		{A1299C60-3E57-46D8-8699-08029EB6E08A}.Debug|Any CPU.Build.0 = Debug|Any CPU
		{A1299C60-3E57-46D8-8699-08029EB6E08A}.Release|Any CPU.ActiveCfg = Release|Any CPU
		{A1299C60-3E57-46D8-8699-08029EB6E08A}.Release|Any CPU.Build.0 = Release|Any CPU
		{2E7DDDF2-51C8-4B4A-BF64-18A602EC132E}.Debug|Any CPU.ActiveCfg = Debug|Any CPU
		{2E7DDDF2-51C8-4B4A-BF64-18A602EC132E}.Debug|Any CPU.Build.0 = Debug|Any CPU
		{2E7DDDF2-51C8-4B4A-BF64-18A602EC132E}.Release|Any CPU.ActiveCfg = Release|Any CPU
		{2E7DDDF2-51C8-4B4A-BF64-18A602EC132E}.Release|Any CPU.Build.0 = Release|Any CPU
		{57667F3D-27FD-4F51-BF1A-C2CB6F7E71CD}.Debug|Any CPU.ActiveCfg = Debug|Any CPU
		{57667F3D-27FD-4F51-BF1A-C2CB6F7E71CD}.Debug|Any CPU.Build.0 = Debug|Any CPU
		{57667F3D-27FD-4F51-BF1A-C2CB6F7E71CD}.Release|Any CPU.ActiveCfg = Release|Any CPU
		{57667F3D-27FD-4F51-BF1A-C2CB6F7E71CD}.Release|Any CPU.Build.0 = Release|Any CPU
	EndGlobalSection
	GlobalSection(SolutionProperties) = preSolution
		HideSolutionNode = FALSE
	EndGlobalSection
	GlobalSection(NestedProjects) = preSolution
		{91629388-2AC4-406C-8891-29138AF3570D} = {EB96E77D-3C08-446B-96F3-6D0DC1630C20}
		{3D8D507E-1107-41BB-AFC6-C13E1BEE8C7B} = {EB96E77D-3C08-446B-96F3-6D0DC1630C20}
		{A1299C60-3E57-46D8-8699-08029EB6E08A} = {EB96E77D-3C08-446B-96F3-6D0DC1630C20}
		{2E7DDDF2-51C8-4B4A-BF64-18A602EC132E} = {EB96E77D-3C08-446B-96F3-6D0DC1630C20}
	EndGlobalSection
EndGlobal
