
Microsoft Visual Studio Solution File, Format Version 12.00
# Visual Studio Version 17
VisualStudioVersion = 17.0.31903.59
MinimumVisualStudioVersion = 10.0.40219.1
Project("{2150E333-8FDC-42A3-9474-1A3956D46DE8}") = "src", "src", "{FBF809ED-B9ED-4810-8C14-85F9AE31F11C}"
EndProject
Project("{9A19103F-16F7-4668-BE54-9A1E7A4F7556}") = "App.API", "src\App.API\App.API.csproj", "{9B9ECBB4-8696-40FE-952C-A78DF89505AE}"
EndProject
Project("{9A19103F-16F7-4668-BE54-9A1E7A4F7556}") = "App.Application", "src\App.Application\App.Application.csproj", "{5057A365-2D32-45E7-8213-4BB5F310017E}"
EndProject
Project("{9A19103F-16F7-4668-BE54-9A1E7A4F7556}") = "App.Domain", "src\App.Domain\App.Domain.csproj", "{82A04E0A-6365-45BD-B41A-DC4CC59B63A3}"
EndProject
Project("{9A19103F-16F7-4668-BE54-9A1E7A4F7556}") = "App.Infrastructure", "src\App.Infrastructure\App.Infrastructure.csproj", "{21E9C339-A590-430E-9318-944DD05FB73B}"
EndProject
Project("{E53339B2-1760-4266-BCC7-CA923CBCF16C}") = "docker-compose", "docker-compose.dcproj", "{57667F3D-27FD-4F51-BF1A-C2CB6F7E71CD}"
EndProject
Global
	GlobalSection(SolutionConfigurationPlatforms) = preSolution
		Debug|Any CPU = Debug|Any CPU
		Release|Any CPU = Release|Any CPU
	EndGlobalSection
	GlobalSection(ProjectConfigurationPlatforms) = postSolution
		{9B9ECBB4-8696-40FE-952C-A78DF89505AE}.Debug|Any CPU.ActiveCfg = Debug|Any CPU
		{9B9ECBB4-8696-40FE-952C-A78DF89505AE}.Debug|Any CPU.Build.0 = Debug|Any CPU
		{9B9ECBB4-8696-40FE-952C-A78DF89505AE}.Release|Any CPU.ActiveCfg = Release|Any CPU
		{9B9ECBB4-8696-40FE-952C-A78DF89505AE}.Release|Any CPU.Build.0 = Release|Any CPU
		{5057A365-2D32-45E7-8213-4BB5F310017E}.Debug|Any CPU.ActiveCfg = Debug|Any CPU
		{5057A365-2D32-45E7-8213-4BB5F310017E}.Debug|Any CPU.Build.0 = Debug|Any CPU
		{5057A365-2D32-45E7-8213-4BB5F310017E}.Release|Any CPU.ActiveCfg = Release|Any CPU
		{5057A365-2D32-45E7-8213-4BB5F310017E}.Release|Any CPU.Build.0 = Release|Any CPU
		{82A04E0A-6365-45BD-B41A-DC4CC59B63A3}.Debug|Any CPU.ActiveCfg = Debug|Any CPU
		{82A04E0A-6365-45BD-B41A-DC4CC59B63A3}.Debug|Any CPU.Build.0 = Debug|Any CPU
		{82A04E0A-6365-45BD-B41A-DC4CC59B63A3}.Release|Any CPU.ActiveCfg = Release|Any CPU
		{82A04E0A-6365-45BD-B41A-DC4CC59B63A3}.Release|Any CPU.Build.0 = Release|Any CPU
		{21E9C339-A590-430E-9318-944DD05FB73B}.Debug|Any CPU.ActiveCfg = Debug|Any CPU
		{21E9C339-A590-430E-9318-944DD05FB73B}.Debug|Any CPU.Build.0 = Debug|Any CPU
		{21E9C339-A590-430E-9318-944DD05FB73B}.Release|Any CPU.ActiveCfg = Release|Any CPU
		{21E9C339-A590-430E-9318-944DD05FB73B}.Release|Any CPU.Build.0 = Release|Any CPU
		{57667F3D-27FD-4F51-BF1A-C2CB6F7E71CD}.Debug|Any CPU.ActiveCfg = Debug|Any CPU
		{57667F3D-27FD-4F51-BF1A-C2CB6F7E71CD}.Debug|Any CPU.Build.0 = Debug|Any CPU
		{57667F3D-27FD-4F51-BF1A-C2CB6F7E71CD}.Release|Any CPU.ActiveCfg = Release|Any CPU
		{57667F3D-27FD-4F51-BF1A-C2CB6F7E71CD}.Release|Any CPU.Build.0 = Release|Any CPU
	EndGlobalSection
	GlobalSection(SolutionProperties) = preSolution
		HideSolutionNode = FALSE
	EndGlobalSection
	GlobalSection(NestedProjects) = preSolution
		{9B9ECBB4-8696-40FE-952C-A78DF89505AE} = {FBF809ED-B9ED-4810-8C14-85F9AE31F11C}
		{5057A365-2D32-45E7-8213-4BB5F310017E} = {FBF809ED-B9ED-4810-8C14-85F9AE31F11C}
		{82A04E0A-6365-45BD-B41A-DC4CC59B63A3} = {FBF809ED-B9ED-4810-8C14-85F9AE31F11C}
		{21E9C339-A590-430E-9318-944DD05FB73B} = {FBF809ED-B9ED-4810-8C14-85F9AE31F11C}
	EndGlobalSection
EndGlobal
